<?xml version="1.0" encoding="utf-8"?>
<Project ToolsVersion="4.0" xmlns="http://schemas.microsoft.com/developer/msbuild/2003">
  <ItemGroup>
    <Filter Include="Views">
      <UniqueIdentifier>{c7716adb-82c2-44e6-9973-efa15122b66f}</UniqueIdentifier>
    </Filter>
    <Filter Include="Models">
      <UniqueIdentifier>{0cd8dcf4-77e1-4fb7-8fe2-79b2173e0a67}</UniqueIdentifier>
    </Filter>
    <Filter Include="Controllers">
      <UniqueIdentifier>{03ff4cb5-91d6-4223-926a-b3f0b7ba4cb4}</UniqueIdentifier>
    </Filter>
    <Filter Include="Views\Source">
      <UniqueIdentifier>{9d4b31e6-d7bf-4aa6-9a93-cd7a6a60744a}</UniqueIdentifier>
    </Filter>
    <Filter Include="Views\Header">
      <UniqueIdentifier>{49a5e394-341a-410f-9efe-387c03c60778}</UniqueIdentifier>
    </Filter>
    <Filter Include="Controllers\Header">
      <UniqueIdentifier>{7970c0ac-b3ad-448f-b1a5-6757d331e748}</UniqueIdentifier>
    </Filter>
    <Filter Include="Controllers\Source">
      <UniqueIdentifier>{d6bc3f8a-7d0d-4be7-a84e-42c7fa4b6d62}</UniqueIdentifier>
    </Filter>
    <Filter Include="Models\Header">
      <UniqueIdentifier>{cfc84dc0-b750-4039-8d61-1402ca450758}</UniqueIdentifier>
    </Filter>
    <Filter Include="Models\Source">
      <UniqueIdentifier>{45097d1b-4240-4a7c-9fcf-923314dee7c1}</UniqueIdentifier>
    </Filter>
    <Filter Include="src">
      <UniqueIdentifier>{ce0afb11-a3d6-4bd6-a063-9076b739277b}</UniqueIdentifier>
    </Filter>
    <Filter Include="src\Header">
      <UniqueIdentifier>{c252cacd-ee5f-47e3-9064-29d8fe0faab8}</UniqueIdentifier>
    </Filter>
    <Filter Include="src\Source">
      <UniqueIdentifier>{76dd5a09-3991-4210-a9ea-7de4630361e6}</UniqueIdentifier>
    </Filter>
  </ItemGroup>
  <ItemGroup>
    <ClCompile Include="HomeView.cpp">
      <Filter>Views\Source</Filter>
    </ClCompile>
    <ClCompile Include="RegistryView.cpp">
      <Filter>Views\Source</Filter>
    </ClCompile>
    <ClCompile Include="ProductView.cpp">
      <Filter>Views\Source</Filter>
    </ClCompile>
    <ClCompile Include="AppController.cpp">
      <Filter>Controllers\Source</Filter>
    </ClCompile>
    <ClCompile Include="AppModel.cpp">
      <Filter>Models\Source</Filter>
    </ClCompile>
    <ClCompile Include="InventoryApp.cpp">
      <Filter>src\Source</Filter>
    </ClCompile>
    <ClCompile Include="main.cpp">
      <Filter>src\Source</Filter>
    </ClCompile>
    <ClCompile Include="AppView.cpp">
      <Filter>Views\Source</Filter>
    </ClCompile>
    <ClCompile Include="MainView.cpp">
      <Filter>Views\Source</Filter>
    </ClCompile>
    <ClCompile Include="LoadingView.cpp">
      <Filter>Views\Source</Filter>
    </ClCompile>
    <ClCompile Include="ConfigView.cpp">
      <Filter>Views\Source</Filter>
    </ClCompile>
    <ClCompile Include="Database.cpp">
      <Filter>Models\Source</Filter>
    </ClCompile>
    <ClCompile Include="MainController.cpp">
      <Filter>Controllers\Source</Filter>
    </ClCompile>
    <ClCompile Include="tools.cpp">
      <Filter>src\Source</Filter>
    </ClCompile>
    <ClCompile Include="HomeModel.cpp">
      <Filter>Models\Source</Filter>
    </ClCompile>
    <ClCompile Include="HomeController.cpp">
      <Filter>Controllers\Source</Filter>
    </ClCompile>
  </ItemGroup>
  <ItemGroup>
    <ClInclude Include="HomeView.h">
      <Filter>Views\Header</Filter>
    </ClInclude>
    <ClInclude Include="RegistryView.h">
      <Filter>Views\Header</Filter>
    </ClInclude>
    <ClInclude Include="ProductView.h">
      <Filter>Views\Header</Filter>
    </ClInclude>
    <ClInclude Include="AppController.h">
      <Filter>Controllers\Header</Filter>
    </ClInclude>
    <ClInclude Include="AppModel.h">
      <Filter>Models\Header</Filter>
    </ClInclude>
    <ClInclude Include="consts.h">
      <Filter>src\Header</Filter>
    </ClInclude>
    <ClInclude Include="InventoryApp.h">
      <Filter>src\Header</Filter>
    </ClInclude>
    <ClInclude Include="AppView.h">
      <Filter>Views\Header</Filter>
    </ClInclude>
    <ClInclude Include="MainView.h">
      <Filter>Views\Header</Filter>
    </ClInclude>
    <ClInclude Include="LoadingView.h">
      <Filter>Views\Header</Filter>
    </ClInclude>
    <ClInclude Include="ConfigView.h">
      <Filter>Views\Header</Filter>
    </ClInclude>
    <ClInclude Include="Database.h">
      <Filter>Models\Header</Filter>
    </ClInclude>
    <ClInclude Include="MainController.h">
      <Filter>Controllers\Header</Filter>
    </ClInclude>
    <ClInclude Include="tools.h">
      <Filter>src\Header</Filter>
    </ClInclude>
    <ClInclude Include="HomeModel.h">
      <Filter>Models\Header</Filter>
    </ClInclude>
    <ClInclude Include="HomeController.h">
      <Filter>Controllers\Header</Filter>
    </ClInclude>
  </ItemGroup>
</Project>