<?xml version="1.0" encoding="utf-8"?>
<Project ToolsVersion="4.0" xmlns="http://schemas.microsoft.com/developer/msbuild/2003">
  <ItemGroup>
    <Filter Include="Source Files">
      <UniqueIdentifier>{4FC737F1-C7A5-4376-A066-2A32D752A2FF}</UniqueIdentifier>
      <Extensions>cpp;c;cc;cxx;c++;cppm;ixx;def;odl;idl;hpj;bat;asm;asmx</Extensions>
    </Filter>
    <Filter Include="Header Files">
      <UniqueIdentifier>{93995380-89BD-4b04-88EB-625FBE52EBFB}</UniqueIdentifier>
      <Extensions>h;hh;hpp;hxx;h++;hm;inl;inc;ipp;xsd</Extensions>
    </Filter>
    <Filter Include="Views">
      <UniqueIdentifier>{c7716adb-82c2-44e6-9973-efa15122b66f}</UniqueIdentifier>
    </Filter>
    <Filter Include="Models">
      <UniqueIdentifier>{0cd8dcf4-77e1-4fb7-8fe2-79b2173e0a67}</UniqueIdentifier>
    </Filter>
    <Filter Include="Controllers">
      <UniqueIdentifier>{03ff4cb5-91d6-4223-926a-b3f0b7ba4cb4}</UniqueIdentifier>
    </Filter>
  </ItemGroup>
  <ItemGroup>
    <ClCompile Include="main.cpp">
      <Filter>Source Files</Filter>
    </ClCompile>
    <ClCompile Include="InventoryApp.cpp">
      <Filter>Source Files</Filter>
    </ClCompile>
    <ClCompile Include="MovementRegistryView.cpp">
      <Filter>Views</Filter>
    </ClCompile>
    <ClCompile Include="AppModel.cpp">
      <Filter>Models</Filter>
    </ClCompile>
    <ClCompile Include="AppController.cpp">
      <Filter>Controllers</Filter>
    </ClCompile>
    <ClCompile Include="MainWindow.cpp">
      <Filter>Views</Filter>
    </ClCompile>
    <ClCompile Include="ProductView.cpp">
      <Filter>Views</Filter>
    </ClCompile>
  </ItemGroup>
  <ItemGroup>
    <ClInclude Include="InventoryApp.h">
      <Filter>Header Files</Filter>
    </ClInclude>
    <ClInclude Include="consts.h">
      <Filter>Header Files</Filter>
    </ClInclude>
    <ClInclude Include="MovementRegistryView.h">
      <Filter>Views</Filter>
    </ClInclude>
    <ClInclude Include="AppModel.h">
      <Filter>Models</Filter>
    </ClInclude>
    <ClInclude Include="AppController.h">
      <Filter>Controllers</Filter>
    </ClInclude>
    <ClInclude Include="MainWindow.h">
      <Filter>Views</Filter>
    </ClInclude>
    <ClInclude Include="ProductView.h">
      <Filter>Views</Filter>
    </ClInclude>
  </ItemGroup>
</Project>